
Microsoft Visual Studio Solution File, Format Version 12.00
# Visual Studio Version 17
VisualStudioVersion = 17.5.002.0
MinimumVisualStudioVersion = 10.0.40219.1
Project("{9A19103F-16F7-4668-BE54-9A1E7A4F7556}") = "Takerman.Backups.Server", "Takerman.Backups.Server.csproj", "{6D179150-9FAD-48B8-B84E-93B70225312A}"
EndProject
Global
	GlobalSection(SolutionConfigurationPlatforms) = preSolution
		Debug|Any CPU = Debug|Any CPU
		Release|Any CPU = Release|Any CPU
	EndGlobalSection
	GlobalSection(ProjectConfigurationPlatforms) = postSolution
		{6D179150-9FAD-48B8-B84E-93B70225312A}.Debug|Any CPU.ActiveCfg = Debug|Any CPU
		{6D179150-9FAD-48B8-B84E-93B70225312A}.Debug|Any CPU.Build.0 = Debug|Any CPU
		{6D179150-9FAD-48B8-B84E-93B70225312A}.Release|Any CPU.ActiveCfg = Release|Any CPU
		{6D179150-9FAD-48B8-B84E-93B70225312A}.Release|Any CPU.Build.0 = Release|Any CPU
	EndGlobalSection
	GlobalSection(SolutionProperties) = preSolution
		HideSolutionNode = FALSE
	EndGlobalSection
	GlobalSection(ExtensibilityGlobals) = postSolution
		SolutionGuid = {1E13AA3A-93B2-449F-8D46-7ABC5222FB7D}
	EndGlobalSection
EndGlobal
